
Microsoft Visual Studio Solution File, Format Version 12.00
# Visual Studio 14
VisualStudioVersion = 14.0.25420.1
MinimumVisualStudioVersion = 10.0.40219.1
Project("{FAE04EC0-301F-11D3-BF4B-00C04F79EFBC}") = "SoulShop", "SoulShop\SoulShop.csproj", "{0ED5BA06-BC30-4BA1-8F44-F989B559EBBD}"
EndProject
Project("{FAE04EC0-301F-11D3-BF4B-00C04F79EFBC}") = "DBUtility", "DBUtility\DBUtility.csproj", "{0988C62E-247F-471F-A183-DB509C7A3839}"
EndProject
Project("{FAE04EC0-301F-11D3-BF4B-00C04F79EFBC}") = "Common", "Common\Common.csproj", "{E3D8759A-C5EB-402D-9F10-F5C6029A8D1A}"
EndProject
Project("{FAE04EC0-301F-11D3-BF4B-00C04F79EFBC}") = "Model", "Model\Model.csproj", "{5BE91BFE-CCAC-455D-A045-43DEA280FD64}"
EndProject
Project("{FAE04EC0-301F-11D3-BF4B-00C04F79EFBC}") = "DAL", "DAL\DAL.csproj", "{8426F2CD-08D2-472F-A261-940B7211023B}"
EndProject
Project("{FAE04EC0-301F-11D3-BF4B-00C04F79EFBC}") = "BLL", "BLL\BLL.csproj", "{7EA0D755-D75F-43B1-AC60-CDB5BFCD8E20}"
EndProject
Global
	GlobalSection(SolutionConfigurationPlatforms) = preSolution
		Debug|Any CPU = Debug|Any CPU
		Debug|x64 = Debug|x64
		Debug|x86 = Debug|x86
		Release|Any CPU = Release|Any CPU
		Release|x64 = Release|x64
		Release|x86 = Release|x86
	EndGlobalSection
	GlobalSection(ProjectConfigurationPlatforms) = postSolution
		{0ED5BA06-BC30-4BA1-8F44-F989B559EBBD}.Debug|Any CPU.ActiveCfg = Debug|Any CPU
		{0ED5BA06-BC30-4BA1-8F44-F989B559EBBD}.Debug|Any CPU.Build.0 = Debug|Any CPU
		{0ED5BA06-BC30-4BA1-8F44-F989B559EBBD}.Debug|x64.ActiveCfg = Debug|Any CPU
		{0ED5BA06-BC30-4BA1-8F44-F989B559EBBD}.Debug|x64.Build.0 = Debug|Any CPU
		{0ED5BA06-BC30-4BA1-8F44-F989B559EBBD}.Debug|x86.ActiveCfg = Debug|Any CPU
		{0ED5BA06-BC30-4BA1-8F44-F989B559EBBD}.Debug|x86.Build.0 = Debug|Any CPU
		{0ED5BA06-BC30-4BA1-8F44-F989B559EBBD}.Release|Any CPU.ActiveCfg = Release|Any CPU
		{0ED5BA06-BC30-4BA1-8F44-F989B559EBBD}.Release|Any CPU.Build.0 = Release|Any CPU
		{0ED5BA06-BC30-4BA1-8F44-F989B559EBBD}.Release|x64.ActiveCfg = Release|Any CPU
		{0ED5BA06-BC30-4BA1-8F44-F989B559EBBD}.Release|x64.Build.0 = Release|Any CPU
		{0ED5BA06-BC30-4BA1-8F44-F989B559EBBD}.Release|x86.ActiveCfg = Release|Any CPU
		{0ED5BA06-BC30-4BA1-8F44-F989B559EBBD}.Release|x86.Build.0 = Release|Any CPU
		{0988C62E-247F-471F-A183-DB509C7A3839}.Debug|Any CPU.ActiveCfg = Debug|Any CPU
		{0988C62E-247F-471F-A183-DB509C7A3839}.Debug|Any CPU.Build.0 = Debug|Any CPU
		{0988C62E-247F-471F-A183-DB509C7A3839}.Debug|x64.ActiveCfg = Debug|Any CPU
		{0988C62E-247F-471F-A183-DB509C7A3839}.Debug|x64.Build.0 = Debug|Any CPU
		{0988C62E-247F-471F-A183-DB509C7A3839}.Debug|x86.ActiveCfg = Debug|Any CPU
		{0988C62E-247F-471F-A183-DB509C7A3839}.Debug|x86.Build.0 = Debug|Any CPU
		{0988C62E-247F-471F-A183-DB509C7A3839}.Release|Any CPU.ActiveCfg = Release|Any CPU
		{0988C62E-247F-471F-A183-DB509C7A3839}.Release|Any CPU.Build.0 = Release|Any CPU
		{0988C62E-247F-471F-A183-DB509C7A3839}.Release|x64.ActiveCfg = Release|Any CPU
		{0988C62E-247F-471F-A183-DB509C7A3839}.Release|x64.Build.0 = Release|Any CPU
		{0988C62E-247F-471F-A183-DB509C7A3839}.Release|x86.ActiveCfg = Release|Any CPU
		{0988C62E-247F-471F-A183-DB509C7A3839}.Release|x86.Build.0 = Release|Any CPU
		{E3D8759A-C5EB-402D-9F10-F5C6029A8D1A}.Debug|Any CPU.ActiveCfg = Debug|Any CPU
		{E3D8759A-C5EB-402D-9F10-F5C6029A8D1A}.Debug|Any CPU.Build.0 = Debug|Any CPU
		{E3D8759A-C5EB-402D-9F10-F5C6029A8D1A}.Debug|x64.ActiveCfg = Debug|Any CPU
		{E3D8759A-C5EB-402D-9F10-F5C6029A8D1A}.Debug|x64.Build.0 = Debug|Any CPU
		{E3D8759A-C5EB-402D-9F10-F5C6029A8D1A}.Debug|x86.ActiveCfg = Debug|Any CPU
		{E3D8759A-C5EB-402D-9F10-F5C6029A8D1A}.Debug|x86.Build.0 = Debug|Any CPU
		{E3D8759A-C5EB-402D-9F10-F5C6029A8D1A}.Release|Any CPU.ActiveCfg = Release|Any CPU
		{E3D8759A-C5EB-402D-9F10-F5C6029A8D1A}.Release|Any CPU.Build.0 = Release|Any CPU
		{E3D8759A-C5EB-402D-9F10-F5C6029A8D1A}.Release|x64.ActiveCfg = Release|Any CPU
		{E3D8759A-C5EB-402D-9F10-F5C6029A8D1A}.Release|x64.Build.0 = Release|Any CPU
		{E3D8759A-C5EB-402D-9F10-F5C6029A8D1A}.Release|x86.ActiveCfg = Release|Any CPU
		{E3D8759A-C5EB-402D-9F10-F5C6029A8D1A}.Release|x86.Build.0 = Release|Any CPU
		{5BE91BFE-CCAC-455D-A045-43DEA280FD64}.Debug|Any CPU.ActiveCfg = Debug|Any CPU
		{5BE91BFE-CCAC-455D-A045-43DEA280FD64}.Debug|Any CPU.Build.0 = Debug|Any CPU
		{5BE91BFE-CCAC-455D-A045-43DEA280FD64}.Debug|x64.ActiveCfg = Debug|Any CPU
		{5BE91BFE-CCAC-455D-A045-43DEA280FD64}.Debug|x64.Build.0 = Debug|Any CPU
		{5BE91BFE-CCAC-455D-A045-43DEA280FD64}.Debug|x86.ActiveCfg = Debug|Any CPU
		{5BE91BFE-CCAC-455D-A045-43DEA280FD64}.Debug|x86.Build.0 = Debug|Any CPU
		{5BE91BFE-CCAC-455D-A045-43DEA280FD64}.Release|Any CPU.ActiveCfg = Release|Any CPU
		{5BE91BFE-CCAC-455D-A045-43DEA280FD64}.Release|Any CPU.Build.0 = Release|Any CPU
		{5BE91BFE-CCAC-455D-A045-43DEA280FD64}.Release|x64.ActiveCfg = Release|Any CPU
		{5BE91BFE-CCAC-455D-A045-43DEA280FD64}.Release|x64.Build.0 = Release|Any CPU
		{5BE91BFE-CCAC-455D-A045-43DEA280FD64}.Release|x86.ActiveCfg = Release|Any CPU
		{5BE91BFE-CCAC-455D-A045-43DEA280FD64}.Release|x86.Build.0 = Release|Any CPU
		{8426F2CD-08D2-472F-A261-940B7211023B}.Debug|Any CPU.ActiveCfg = Debug|Any CPU
		{8426F2CD-08D2-472F-A261-940B7211023B}.Debug|Any CPU.Build.0 = Debug|Any CPU
		{8426F2CD-08D2-472F-A261-940B7211023B}.Debug|x64.ActiveCfg = Debug|Any CPU
		{8426F2CD-08D2-472F-A261-940B7211023B}.Debug|x64.Build.0 = Debug|Any CPU
		{8426F2CD-08D2-472F-A261-940B7211023B}.Debug|x86.ActiveCfg = Debug|Any CPU
		{8426F2CD-08D2-472F-A261-940B7211023B}.Debug|x86.Build.0 = Debug|Any CPU
		{8426F2CD-08D2-472F-A261-940B7211023B}.Release|Any CPU.ActiveCfg = Release|Any CPU
		{8426F2CD-08D2-472F-A261-940B7211023B}.Release|Any CPU.Build.0 = Release|Any CPU
		{8426F2CD-08D2-472F-A261-940B7211023B}.Release|x64.ActiveCfg = Release|Any CPU
		{8426F2CD-08D2-472F-A261-940B7211023B}.Release|x64.Build.0 = Release|Any CPU
		{8426F2CD-08D2-472F-A261-940B7211023B}.Release|x86.ActiveCfg = Release|Any CPU
		{8426F2CD-08D2-472F-A261-940B7211023B}.Release|x86.Build.0 = Release|Any CPU
		{7EA0D755-D75F-43B1-AC60-CDB5BFCD8E20}.Debug|Any CPU.ActiveCfg = Debug|Any CPU
		{7EA0D755-D75F-43B1-AC60-CDB5BFCD8E20}.Debug|Any CPU.Build.0 = Debug|Any CPU
		{7EA0D755-D75F-43B1-AC60-CDB5BFCD8E20}.Debug|x64.ActiveCfg = Debug|Any CPU
		{7EA0D755-D75F-43B1-AC60-CDB5BFCD8E20}.Debug|x64.Build.0 = Debug|Any CPU
		{7EA0D755-D75F-43B1-AC60-CDB5BFCD8E20}.Debug|x86.ActiveCfg = Debug|Any CPU
		{7EA0D755-D75F-43B1-AC60-CDB5BFCD8E20}.Debug|x86.Build.0 = Debug|Any CPU
		{7EA0D755-D75F-43B1-AC60-CDB5BFCD8E20}.Release|Any CPU.ActiveCfg = Release|Any CPU
		{7EA0D755-D75F-43B1-AC60-CDB5BFCD8E20}.Release|Any CPU.Build.0 = Release|Any CPU
		{7EA0D755-D75F-43B1-AC60-CDB5BFCD8E20}.Release|x64.ActiveCfg = Release|Any CPU
		{7EA0D755-D75F-43B1-AC60-CDB5BFCD8E20}.Release|x64.Build.0 = Release|Any CPU
		{7EA0D755-D75F-43B1-AC60-CDB5BFCD8E20}.Release|x86.ActiveCfg = Release|Any CPU
		{7EA0D755-D75F-43B1-AC60-CDB5BFCD8E20}.Release|x86.Build.0 = Release|Any CPU
	EndGlobalSection
	GlobalSection(SolutionProperties) = preSolution
		HideSolutionNode = FALSE
	EndGlobalSection
EndGlobal
